
Microsoft Visual Studio Solution File, Format Version 12.00
# Visual Studio Version 16
VisualStudioVersion = 16.0.29306.81
MinimumVisualStudioVersion = 10.0.40219.1
Project("{FAE04EC0-301F-11D3-BF4B-00C04F79EFBC}") = "GitHubWorking", "GitHubWorking.csproj", "{805BDC5D-AC39-451C-B6F0-0C699407FF44}"
EndProject
Global
	GlobalSection(SolutionConfigurationPlatforms) = preSolution
		Debug|Any CPU = Debug|Any CPU
		Release|Any CPU = Release|Any CPU
	EndGlobalSection
	GlobalSection(ProjectConfigurationPlatforms) = postSolution
		{805BDC5D-AC39-451C-B6F0-0C699407FF44}.Debug|Any CPU.ActiveCfg = Debug|Any CPU
		{805BDC5D-AC39-451C-B6F0-0C699407FF44}.Debug|Any CPU.Build.0 = Debug|Any CPU
		{805BDC5D-AC39-451C-B6F0-0C699407FF44}.Release|Any CPU.ActiveCfg = Release|Any CPU
		{805BDC5D-AC39-451C-B6F0-0C699407FF44}.Release|Any CPU.Build.0 = Release|Any CPU
	EndGlobalSection
	GlobalSection(SolutionProperties) = preSolution
		HideSolutionNode = FALSE
	EndGlobalSection
	GlobalSection(ExtensibilityGlobals) = postSolution
		SolutionGuid = {58D3DACB-84FE-4E8F-85C1-26AA2EC848F6}
	EndGlobalSection
EndGlobal
